
Microsoft Visual Studio Solution File, Format Version 12.00
# Visual Studio Version 16
VisualStudioVersion = 16.0.31702.278
MinimumVisualStudioVersion = 10.0.40219.1
Project("{FAE04EC0-301F-11D3-BF4B-00C04F79EFBC}") = "SQLiteEjemplo.UWP", "SQLiteEjemplo\SQLiteEjemplo.UWP\SQLiteEjemplo.UWP.csproj", "{113AE6D0-6915-4855-A771-579F3E028E34}"
EndProject
Project("{FAE04EC0-301F-11D3-BF4B-00C04F79EFBC}") = "SQLiteEjemplo.Android", "SQLiteEjemplo\SQLiteEjemplo.Android\SQLiteEjemplo.Android.csproj", "{5F551B3D-6122-4FC4-836D-96D8B7F65E3D}"
EndProject
Project("{FAE04EC0-301F-11D3-BF4B-00C04F79EFBC}") = "SQLiteEjemplo.iOS", "SQLiteEjemplo\SQLiteEjemplo.iOS\SQLiteEjemplo.iOS.csproj", "{2A5D92B2-A290-408B-B666-9643537C0434}"
EndProject
Project("{FAE04EC0-301F-11D3-BF4B-00C04F79EFBC}") = "SQLiteEjemplo", "SQLiteEjemplo\SQLiteEjemplo\SQLiteEjemplo.csproj", "{0F2FF7D0-F7B5-46E3-8101-AA7B330AFBF0}"
EndProject
Global
	GlobalSection(SolutionConfigurationPlatforms) = preSolution
		Debug|Any CPU = Debug|Any CPU
		Debug|ARM = Debug|ARM
		Debug|iPhone = Debug|iPhone
		Debug|iPhoneSimulator = Debug|iPhoneSimulator
		Debug|x64 = Debug|x64
		Debug|x86 = Debug|x86
		Release|Any CPU = Release|Any CPU
		Release|ARM = Release|ARM
		Release|iPhone = Release|iPhone
		Release|iPhoneSimulator = Release|iPhoneSimulator
		Release|x64 = Release|x64
		Release|x86 = Release|x86
	EndGlobalSection
	GlobalSection(ProjectConfigurationPlatforms) = postSolution
		{113AE6D0-6915-4855-A771-579F3E028E34}.Debug|Any CPU.ActiveCfg = Debug|x86
		{113AE6D0-6915-4855-A771-579F3E028E34}.Debug|Any CPU.Build.0 = Debug|x86
		{113AE6D0-6915-4855-A771-579F3E028E34}.Debug|Any CPU.Deploy.0 = Debug|x86
		{113AE6D0-6915-4855-A771-579F3E028E34}.Debug|ARM.ActiveCfg = Debug|ARM
		{113AE6D0-6915-4855-A771-579F3E028E34}.Debug|ARM.Build.0 = Debug|ARM
		{113AE6D0-6915-4855-A771-579F3E028E34}.Debug|ARM.Deploy.0 = Debug|ARM
		{113AE6D0-6915-4855-A771-579F3E028E34}.Debug|iPhone.ActiveCfg = Debug|x86
		{113AE6D0-6915-4855-A771-579F3E028E34}.Debug|iPhone.Build.0 = Debug|x86
		{113AE6D0-6915-4855-A771-579F3E028E34}.Debug|iPhone.Deploy.0 = Debug|x86
		{113AE6D0-6915-4855-A771-579F3E028E34}.Debug|iPhoneSimulator.ActiveCfg = Debug|x86
		{113AE6D0-6915-4855-A771-579F3E028E34}.Debug|iPhoneSimulator.Build.0 = Debug|x86
		{113AE6D0-6915-4855-A771-579F3E028E34}.Debug|iPhoneSimulator.Deploy.0 = Debug|x86
		{113AE6D0-6915-4855-A771-579F3E028E34}.Debug|x64.ActiveCfg = Debug|x64
		{113AE6D0-6915-4855-A771-579F3E028E34}.Debug|x64.Build.0 = Debug|x64
		{113AE6D0-6915-4855-A771-579F3E028E34}.Debug|x64.Deploy.0 = Debug|x64
		{113AE6D0-6915-4855-A771-579F3E028E34}.Debug|x86.ActiveCfg = Debug|x86
		{113AE6D0-6915-4855-A771-579F3E028E34}.Debug|x86.Build.0 = Debug|x86
		{113AE6D0-6915-4855-A771-579F3E028E34}.Debug|x86.Deploy.0 = Debug|x86
		{113AE6D0-6915-4855-A771-579F3E028E34}.Release|Any CPU.ActiveCfg = Release|x86
		{113AE6D0-6915-4855-A771-579F3E028E34}.Release|Any CPU.Build.0 = Release|x86
		{113AE6D0-6915-4855-A771-579F3E028E34}.Release|Any CPU.Deploy.0 = Release|x86
		{113AE6D0-6915-4855-A771-579F3E028E34}.Release|ARM.ActiveCfg = Release|ARM
		{113AE6D0-6915-4855-A771-579F3E028E34}.Release|ARM.Build.0 = Release|ARM
		{113AE6D0-6915-4855-A771-579F3E028E34}.Release|ARM.Deploy.0 = Release|ARM
		{113AE6D0-6915-4855-A771-579F3E028E34}.Release|iPhone.ActiveCfg = Release|x86
		{113AE6D0-6915-4855-A771-579F3E028E34}.Release|iPhone.Build.0 = Release|x86
		{113AE6D0-6915-4855-A771-579F3E028E34}.Release|iPhone.Deploy.0 = Release|x86
		{113AE6D0-6915-4855-A771-579F3E028E34}.Release|iPhoneSimulator.ActiveCfg = Release|x86
		{113AE6D0-6915-4855-A771-579F3E028E34}.Release|iPhoneSimulator.Build.0 = Release|x86
		{113AE6D0-6915-4855-A771-579F3E028E34}.Release|iPhoneSimulator.Deploy.0 = Release|x86
		{113AE6D0-6915-4855-A771-579F3E028E34}.Release|x64.ActiveCfg = Release|x64
		{113AE6D0-6915-4855-A771-579F3E028E34}.Release|x64.Build.0 = Release|x64
		{113AE6D0-6915-4855-A771-579F3E028E34}.Release|x64.Deploy.0 = Release|x64
		{113AE6D0-6915-4855-A771-579F3E028E34}.Release|x86.ActiveCfg = Release|x86
		{113AE6D0-6915-4855-A771-579F3E028E34}.Release|x86.Build.0 = Release|x86
		{113AE6D0-6915-4855-A771-579F3E028E34}.Release|x86.Deploy.0 = Release|x86
		{5F551B3D-6122-4FC4-836D-96D8B7F65E3D}.Debug|Any CPU.ActiveCfg = Debug|Any CPU
		{5F551B3D-6122-4FC4-836D-96D8B7F65E3D}.Debug|Any CPU.Build.0 = Debug|Any CPU
		{5F551B3D-6122-4FC4-836D-96D8B7F65E3D}.Debug|Any CPU.Deploy.0 = Debug|Any CPU
		{5F551B3D-6122-4FC4-836D-96D8B7F65E3D}.Debug|ARM.ActiveCfg = Debug|Any CPU
		{5F551B3D-6122-4FC4-836D-96D8B7F65E3D}.Debug|ARM.Build.0 = Debug|Any CPU
		{5F551B3D-6122-4FC4-836D-96D8B7F65E3D}.Debug|ARM.Deploy.0 = Debug|Any CPU
		{5F551B3D-6122-4FC4-836D-96D8B7F65E3D}.Debug|iPhone.ActiveCfg = Debug|Any CPU
		{5F551B3D-6122-4FC4-836D-96D8B7F65E3D}.Debug|iPhone.Build.0 = Debug|Any CPU
		{5F551B3D-6122-4FC4-836D-96D8B7F65E3D}.Debug|iPhone.Deploy.0 = Debug|Any CPU
		{5F551B3D-6122-4FC4-836D-96D8B7F65E3D}.Debug|iPhoneSimulator.ActiveCfg = Debug|Any CPU
		{5F551B3D-6122-4FC4-836D-96D8B7F65E3D}.Debug|iPhoneSimulator.Build.0 = Debug|Any CPU
		{5F551B3D-6122-4FC4-836D-96D8B7F65E3D}.Debug|iPhoneSimulator.Deploy.0 = Debug|Any CPU
		{5F551B3D-6122-4FC4-836D-96D8B7F65E3D}.Debug|x64.ActiveCfg = Debug|Any CPU
		{5F551B3D-6122-4FC4-836D-96D8B7F65E3D}.Debug|x64.Build.0 = Debug|Any CPU
		{5F551B3D-6122-4FC4-836D-96D8B7F65E3D}.Debug|x64.Deploy.0 = Debug|Any CPU
		{5F551B3D-6122-4FC4-836D-96D8B7F65E3D}.Debug|x86.ActiveCfg = Debug|Any CPU
		{5F551B3D-6122-4FC4-836D-96D8B7F65E3D}.Debug|x86.Build.0 = Debug|Any CPU
		{5F551B3D-6122-4FC4-836D-96D8B7F65E3D}.Debug|x86.Deploy.0 = Debug|Any CPU
		{5F551B3D-6122-4FC4-836D-96D8B7F65E3D}.Release|Any CPU.ActiveCfg = Release|Any CPU
		{5F551B3D-6122-4FC4-836D-96D8B7F65E3D}.Release|Any CPU.Build.0 = Release|Any CPU
		{5F551B3D-6122-4FC4-836D-96D8B7F65E3D}.Release|Any CPU.Deploy.0 = Release|Any CPU
		{5F551B3D-6122-4FC4-836D-96D8B7F65E3D}.Release|ARM.ActiveCfg = Release|Any CPU
		{5F551B3D-6122-4FC4-836D-96D8B7F65E3D}.Release|ARM.Build.0 = Release|Any CPU
		{5F551B3D-6122-4FC4-836D-96D8B7F65E3D}.Release|ARM.Deploy.0 = Release|Any CPU
		{5F551B3D-6122-4FC4-836D-96D8B7F65E3D}.Release|iPhone.ActiveCfg = Release|Any CPU
		{5F551B3D-6122-4FC4-836D-96D8B7F65E3D}.Release|iPhone.Build.0 = Release|Any CPU
		{5F551B3D-6122-4FC4-836D-96D8B7F65E3D}.Release|iPhone.Deploy.0 = Release|Any CPU
		{5F551B3D-6122-4FC4-836D-96D8B7F65E3D}.Release|iPhoneSimulator.ActiveCfg = Release|Any CPU
		{5F551B3D-6122-4FC4-836D-96D8B7F65E3D}.Release|iPhoneSimulator.Build.0 = Release|Any CPU
		{5F551B3D-6122-4FC4-836D-96D8B7F65E3D}.Release|iPhoneSimulator.Deploy.0 = Release|Any CPU
		{5F551B3D-6122-4FC4-836D-96D8B7F65E3D}.Release|x64.ActiveCfg = Release|Any CPU
		{5F551B3D-6122-4FC4-836D-96D8B7F65E3D}.Release|x64.Build.0 = Release|Any CPU
		{5F551B3D-6122-4FC4-836D-96D8B7F65E3D}.Release|x64.Deploy.0 = Release|Any CPU
		{5F551B3D-6122-4FC4-836D-96D8B7F65E3D}.Release|x86.ActiveCfg = Release|Any CPU
		{5F551B3D-6122-4FC4-836D-96D8B7F65E3D}.Release|x86.Build.0 = Release|Any CPU
		{5F551B3D-6122-4FC4-836D-96D8B7F65E3D}.Release|x86.Deploy.0 = Release|Any CPU
		{2A5D92B2-A290-408B-B666-9643537C0434}.Debug|Any CPU.ActiveCfg = Debug|iPhoneSimulator
		{2A5D92B2-A290-408B-B666-9643537C0434}.Debug|Any CPU.Build.0 = Debug|iPhoneSimulator
		{2A5D92B2-A290-408B-B666-9643537C0434}.Debug|Any CPU.Deploy.0 = Debug|iPhoneSimulator
		{2A5D92B2-A290-408B-B666-9643537C0434}.Debug|ARM.ActiveCfg = Debug|iPhone
		{2A5D92B2-A290-408B-B666-9643537C0434}.Debug|ARM.Build.0 = Debug|iPhone
		{2A5D92B2-A290-408B-B666-9643537C0434}.Debug|ARM.Deploy.0 = Debug|iPhone
		{2A5D92B2-A290-408B-B666-9643537C0434}.Debug|iPhone.ActiveCfg = Debug|iPhone
		{2A5D92B2-A290-408B-B666-9643537C0434}.Debug|iPhone.Build.0 = Debug|iPhone
		{2A5D92B2-A290-408B-B666-9643537C0434}.Debug|iPhone.Deploy.0 = Debug|iPhone
		{2A5D92B2-A290-408B-B666-9643537C0434}.Debug|iPhoneSimulator.ActiveCfg = Debug|iPhoneSimulator
		{2A5D92B2-A290-408B-B666-9643537C0434}.Debug|iPhoneSimulator.Build.0 = Debug|iPhoneSimulator
		{2A5D92B2-A290-408B-B666-9643537C0434}.Debug|iPhoneSimulator.Deploy.0 = Debug|iPhoneSimulator
		{2A5D92B2-A290-408B-B666-9643537C0434}.Debug|x64.ActiveCfg = Debug|iPhoneSimulator
		{2A5D92B2-A290-408B-B666-9643537C0434}.Debug|x64.Build.0 = Debug|iPhoneSimulator
		{2A5D92B2-A290-408B-B666-9643537C0434}.Debug|x64.Deploy.0 = Debug|iPhoneSimulator
		{2A5D92B2-A290-408B-B666-9643537C0434}.Debug|x86.ActiveCfg = Debug|iPhoneSimulator
		{2A5D92B2-A290-408B-B666-9643537C0434}.Debug|x86.Build.0 = Debug|iPhoneSimulator
		{2A5D92B2-A290-408B-B666-9643537C0434}.Debug|x86.Deploy.0 = Debug|iPhoneSimulator
		{2A5D92B2-A290-408B-B666-9643537C0434}.Release|Any CPU.ActiveCfg = Release|iPhoneSimulator
		{2A5D92B2-A290-408B-B666-9643537C0434}.Release|Any CPU.Build.0 = Release|iPhoneSimulator
		{2A5D92B2-A290-408B-B666-9643537C0434}.Release|Any CPU.Deploy.0 = Release|iPhoneSimulator
		{2A5D92B2-A290-408B-B666-9643537C0434}.Release|ARM.ActiveCfg = Release|iPhoneSimulator
		{2A5D92B2-A290-408B-B666-9643537C0434}.Release|ARM.Build.0 = Release|iPhoneSimulator
		{2A5D92B2-A290-408B-B666-9643537C0434}.Release|ARM.Deploy.0 = Release|iPhoneSimulator
		{2A5D92B2-A290-408B-B666-9643537C0434}.Release|iPhone.ActiveCfg = Release|iPhone
		{2A5D92B2-A290-408B-B666-9643537C0434}.Release|iPhone.Build.0 = Release|iPhone
		{2A5D92B2-A290-408B-B666-9643537C0434}.Release|iPhone.Deploy.0 = Release|iPhone
		{2A5D92B2-A290-408B-B666-9643537C0434}.Release|iPhoneSimulator.ActiveCfg = Release|iPhoneSimulator
		{2A5D92B2-A290-408B-B666-9643537C0434}.Release|iPhoneSimulator.Build.0 = Release|iPhoneSimulator
		{2A5D92B2-A290-408B-B666-9643537C0434}.Release|iPhoneSimulator.Deploy.0 = Release|iPhoneSimulator
		{2A5D92B2-A290-408B-B666-9643537C0434}.Release|x64.ActiveCfg = Release|iPhoneSimulator
		{2A5D92B2-A290-408B-B666-9643537C0434}.Release|x64.Build.0 = Release|iPhoneSimulator
		{2A5D92B2-A290-408B-B666-9643537C0434}.Release|x64.Deploy.0 = Release|iPhoneSimulator
		{2A5D92B2-A290-408B-B666-9643537C0434}.Release|x86.ActiveCfg = Release|iPhoneSimulator
		{2A5D92B2-A290-408B-B666-9643537C0434}.Release|x86.Build.0 = Release|iPhoneSimulator
		{2A5D92B2-A290-408B-B666-9643537C0434}.Release|x86.Deploy.0 = Release|iPhoneSimulator
		{0F2FF7D0-F7B5-46E3-8101-AA7B330AFBF0}.Debug|Any CPU.ActiveCfg = Debug|Any CPU
		{0F2FF7D0-F7B5-46E3-8101-AA7B330AFBF0}.Debug|Any CPU.Build.0 = Debug|Any CPU
		{0F2FF7D0-F7B5-46E3-8101-AA7B330AFBF0}.Debug|Any CPU.Deploy.0 = Debug|Any CPU
		{0F2FF7D0-F7B5-46E3-8101-AA7B330AFBF0}.Debug|ARM.ActiveCfg = Debug|Any CPU
		{0F2FF7D0-F7B5-46E3-8101-AA7B330AFBF0}.Debug|ARM.Build.0 = Debug|Any CPU
		{0F2FF7D0-F7B5-46E3-8101-AA7B330AFBF0}.Debug|ARM.Deploy.0 = Debug|Any CPU
		{0F2FF7D0-F7B5-46E3-8101-AA7B330AFBF0}.Debug|iPhone.ActiveCfg = Debug|Any CPU
		{0F2FF7D0-F7B5-46E3-8101-AA7B330AFBF0}.Debug|iPhone.Build.0 = Debug|Any CPU
		{0F2FF7D0-F7B5-46E3-8101-AA7B330AFBF0}.Debug|iPhone.Deploy.0 = Debug|Any CPU
		{0F2FF7D0-F7B5-46E3-8101-AA7B330AFBF0}.Debug|iPhoneSimulator.ActiveCfg = Debug|Any CPU
		{0F2FF7D0-F7B5-46E3-8101-AA7B330AFBF0}.Debug|iPhoneSimulator.Build.0 = Debug|Any CPU
		{0F2FF7D0-F7B5-46E3-8101-AA7B330AFBF0}.Debug|iPhoneSimulator.Deploy.0 = Debug|Any CPU
		{0F2FF7D0-F7B5-46E3-8101-AA7B330AFBF0}.Debug|x64.ActiveCfg = Debug|Any CPU
		{0F2FF7D0-F7B5-46E3-8101-AA7B330AFBF0}.Debug|x64.Build.0 = Debug|Any CPU
		{0F2FF7D0-F7B5-46E3-8101-AA7B330AFBF0}.Debug|x64.Deploy.0 = Debug|Any CPU
		{0F2FF7D0-F7B5-46E3-8101-AA7B330AFBF0}.Debug|x86.ActiveCfg = Debug|Any CPU
		{0F2FF7D0-F7B5-46E3-8101-AA7B330AFBF0}.Debug|x86.Build.0 = Debug|Any CPU
		{0F2FF7D0-F7B5-46E3-8101-AA7B330AFBF0}.Debug|x86.Deploy.0 = Debug|Any CPU
		{0F2FF7D0-F7B5-46E3-8101-AA7B330AFBF0}.Release|Any CPU.ActiveCfg = Release|Any CPU
		{0F2FF7D0-F7B5-46E3-8101-AA7B330AFBF0}.Release|Any CPU.Build.0 = Release|Any CPU
		{0F2FF7D0-F7B5-46E3-8101-AA7B330AFBF0}.Release|Any CPU.Deploy.0 = Release|Any CPU
		{0F2FF7D0-F7B5-46E3-8101-AA7B330AFBF0}.Release|ARM.ActiveCfg = Release|Any CPU
		{0F2FF7D0-F7B5-46E3-8101-AA7B330AFBF0}.Release|ARM.Build.0 = Release|Any CPU
		{0F2FF7D0-F7B5-46E3-8101-AA7B330AFBF0}.Release|ARM.Deploy.0 = Release|Any CPU
		{0F2FF7D0-F7B5-46E3-8101-AA7B330AFBF0}.Release|iPhone.ActiveCfg = Release|Any CPU
		{0F2FF7D0-F7B5-46E3-8101-AA7B330AFBF0}.Release|iPhone.Build.0 = Release|Any CPU
		{0F2FF7D0-F7B5-46E3-8101-AA7B330AFBF0}.Release|iPhone.Deploy.0 = Release|Any CPU
		{0F2FF7D0-F7B5-46E3-8101-AA7B330AFBF0}.Release|iPhoneSimulator.ActiveCfg = Release|Any CPU
		{0F2FF7D0-F7B5-46E3-8101-AA7B330AFBF0}.Release|iPhoneSimulator.Build.0 = Release|Any CPU
		{0F2FF7D0-F7B5-46E3-8101-AA7B330AFBF0}.Release|iPhoneSimulator.Deploy.0 = Release|Any CPU
		{0F2FF7D0-F7B5-46E3-8101-AA7B330AFBF0}.Release|x64.ActiveCfg = Release|Any CPU
		{0F2FF7D0-F7B5-46E3-8101-AA7B330AFBF0}.Release|x64.Build.0 = Release|Any CPU
		{0F2FF7D0-F7B5-46E3-8101-AA7B330AFBF0}.Release|x64.Deploy.0 = Release|Any CPU
		{0F2FF7D0-F7B5-46E3-8101-AA7B330AFBF0}.Release|x86.ActiveCfg = Release|Any CPU
		{0F2FF7D0-F7B5-46E3-8101-AA7B330AFBF0}.Release|x86.Build.0 = Release|Any CPU
		{0F2FF7D0-F7B5-46E3-8101-AA7B330AFBF0}.Release|x86.Deploy.0 = Release|Any CPU
	EndGlobalSection
	GlobalSection(SolutionProperties) = preSolution
		HideSolutionNode = FALSE
	EndGlobalSection
	GlobalSection(ExtensibilityGlobals) = postSolution
		SolutionGuid = {5315E0A9-C8C4-45E9-ACFA-B8BEC2EBCEFF}
	EndGlobalSection
EndGlobal
